
Microsoft Visual Studio Solution File, Format Version 12.00
# Visual Studio Version 16
VisualStudioVersion = 16.0.30523.141
MinimumVisualStudioVersion = 10.0.40219.1
Project("{9A19103F-16F7-4668-BE54-9A1E7A4F7556}") = "IdentityTutorial", "IdentityTutorial.csproj", "{6363EB0A-3B00-433B-96B6-7F4D3AD4E1E4}"
EndProject
Global
	GlobalSection(SolutionConfigurationPlatforms) = preSolution
		Debug|Any CPU = Debug|Any CPU
		Release|Any CPU = Release|Any CPU
	EndGlobalSection
	GlobalSection(ProjectConfigurationPlatforms) = postSolution
		{6363EB0A-3B00-433B-96B6-7F4D3AD4E1E4}.Debug|Any CPU.ActiveCfg = Debug|Any CPU
		{6363EB0A-3B00-433B-96B6-7F4D3AD4E1E4}.Debug|Any CPU.Build.0 = Debug|Any CPU
		{6363EB0A-3B00-433B-96B6-7F4D3AD4E1E4}.Release|Any CPU.ActiveCfg = Release|Any CPU
		{6363EB0A-3B00-433B-96B6-7F4D3AD4E1E4}.Release|Any CPU.Build.0 = Release|Any CPU
	EndGlobalSection
	GlobalSection(SolutionProperties) = preSolution
		HideSolutionNode = FALSE
	EndGlobalSection
	GlobalSection(ExtensibilityGlobals) = postSolution
		SolutionGuid = {880BF531-BAD0-4811-B2A1-B8EB32E2D3B7}
	EndGlobalSection
EndGlobal
